
Microsoft Visual Studio Solution File, Format Version 12.00
# Visual Studio Version 17
VisualStudioVersion = 17.14.36414.22 d17.14
MinimumVisualStudioVersion = 10.0.40219.1
Project("{FAE04EC0-301F-11D3-BF4B-00C04F79EFBC}") = "Sales Management Project", "Sales Management Project\Sales Management Project.csproj", "{5B12C396-EE54-45BF-8C27-405AB844C1FC}"
EndProject
Project("{FAE04EC0-301F-11D3-BF4B-00C04F79EFBC}") = "Business Layer", "Business Layer\Business Layer.csproj", "{7E72E6E2-8C48-4E51-91E5-82A21BACA1BD}"
EndProject
Project("{FAE04EC0-301F-11D3-BF4B-00C04F79EFBC}") = "Data Access Layer", "Data Access Layer\Data Access Layer.csproj", "{085BCEDD-FAB2-4146-A14A-35378993BB5A}"
EndProject
Global
	GlobalSection(SolutionConfigurationPlatforms) = preSolution
		Debug|Any CPU = Debug|Any CPU
		Release|Any CPU = Release|Any CPU
	EndGlobalSection
	GlobalSection(ProjectConfigurationPlatforms) = postSolution
		{5B12C396-EE54-45BF-8C27-405AB844C1FC}.Debug|Any CPU.ActiveCfg = Debug|Any CPU
		{5B12C396-EE54-45BF-8C27-405AB844C1FC}.Debug|Any CPU.Build.0 = Debug|Any CPU
		{5B12C396-EE54-45BF-8C27-405AB844C1FC}.Release|Any CPU.ActiveCfg = Release|Any CPU
		{5B12C396-EE54-45BF-8C27-405AB844C1FC}.Release|Any CPU.Build.0 = Release|Any CPU
		{7E72E6E2-8C48-4E51-91E5-82A21BACA1BD}.Debug|Any CPU.ActiveCfg = Debug|Any CPU
		{7E72E6E2-8C48-4E51-91E5-82A21BACA1BD}.Debug|Any CPU.Build.0 = Debug|Any CPU
		{7E72E6E2-8C48-4E51-91E5-82A21BACA1BD}.Release|Any CPU.ActiveCfg = Release|Any CPU
		{7E72E6E2-8C48-4E51-91E5-82A21BACA1BD}.Release|Any CPU.Build.0 = Release|Any CPU
		{085BCEDD-FAB2-4146-A14A-35378993BB5A}.Debug|Any CPU.ActiveCfg = Debug|Any CPU
		{085BCEDD-FAB2-4146-A14A-35378993BB5A}.Debug|Any CPU.Build.0 = Debug|Any CPU
		{085BCEDD-FAB2-4146-A14A-35378993BB5A}.Release|Any CPU.ActiveCfg = Release|Any CPU
		{085BCEDD-FAB2-4146-A14A-35378993BB5A}.Release|Any CPU.Build.0 = Release|Any CPU
	EndGlobalSection
	GlobalSection(SolutionProperties) = preSolution
		HideSolutionNode = FALSE
	EndGlobalSection
	GlobalSection(ExtensibilityGlobals) = postSolution
		SolutionGuid = {30F2CF2F-BEF8-4076-8AAE-4D1079A99ABD}
	EndGlobalSection
EndGlobal
